
Microsoft Visual Studio Solution File, Format Version 12.00
# Visual Studio Version 17
VisualStudioVersion = 17.3.32811.315
MinimumVisualStudioVersion = 10.0.40219.1
Project("{8BC9CEB8-8B4A-11D0-8D11-00A0C91BC942}") = "Lista de lsita", "Lista de lsita.vcxproj", "{01F6F8D2-B500-48F6-9540-66756F76D58F}"
EndProject
Global
	GlobalSection(SolutionConfigurationPlatforms) = preSolution
		Debug|x64 = Debug|x64
		Debug|x86 = Debug|x86
		Release|x64 = Release|x64
		Release|x86 = Release|x86
	EndGlobalSection
	GlobalSection(ProjectConfigurationPlatforms) = postSolution
		{01F6F8D2-B500-48F6-9540-66756F76D58F}.Debug|x64.ActiveCfg = Debug|x64
		{01F6F8D2-B500-48F6-9540-66756F76D58F}.Debug|x64.Build.0 = Debug|x64
		{01F6F8D2-B500-48F6-9540-66756F76D58F}.Debug|x86.ActiveCfg = Debug|Win32
		{01F6F8D2-B500-48F6-9540-66756F76D58F}.Debug|x86.Build.0 = Debug|Win32
		{01F6F8D2-B500-48F6-9540-66756F76D58F}.Release|x64.ActiveCfg = Release|x64
		{01F6F8D2-B500-48F6-9540-66756F76D58F}.Release|x64.Build.0 = Release|x64
		{01F6F8D2-B500-48F6-9540-66756F76D58F}.Release|x86.ActiveCfg = Release|Win32
		{01F6F8D2-B500-48F6-9540-66756F76D58F}.Release|x86.Build.0 = Release|Win32
	EndGlobalSection
	GlobalSection(SolutionProperties) = preSolution
		HideSolutionNode = FALSE
	EndGlobalSection
	GlobalSection(ExtensibilityGlobals) = postSolution
		SolutionGuid = {D0351F3F-0552-4344-AA16-A84BF3BC5037}
	EndGlobalSection
EndGlobal
